github.com/beorn7/perks v1.0.1 h1:VlbKKnNfV8bJzeqoa4cOKqO6bYr3WgKZxO8Z16+hsOM=
github.com/beorn7/perks v1.0.1/go.mod h1:GwZP1bNaQ2St7hm5fLtHiLmGE9HNEa5Q0Tc7aX+i7EQ=
github.com/cespare/xxhash/v2 v2.2.0 h1:DC2CZ1Ep5Y4k3ZQ899DldepgrayRUGE6BBZ/cd9Cj44=
github.com/cespare/xxhash/v2 v2.2.0/go.mod h1:VGX0DQ3Q6kWi7AoAeZDth3/j3BFtOZR5XLFGgcrjCOs=
github.com/davecgh/go-spew v1.1.1 h1:vj9j/u1bqnvCEfJOwUhtlOARqs3+rkHYY13jYWTU97c=
github.com/davecgh/go-spew v1.1.1/go.mod h1:J7Y8YcW2NihsgmVo/mv3lAwl/skON4iLHjSsI+c5H38=
github.com/gorilla/websocket v1.5.1 h1:gmztn0JnSVt9RRTGh/dW6y7yGQgJcSawFV7cEHARO6s=
github.com/gorilla/websocket v1.5.1/go.mod h1:x3kM2JqlalP2jw1Wg6QG4CmMnz6gq7mrgEOT+Vy5CMs=
github.com/jackc/pgpassfile v1.0.0 h1:/6Hmqy13Ss2zCq62VdNG8tM1wC8u2qM6mcGl59Ns0zg=
github.com/jackc/pgpassfile v1.0.0/go.mod h1:Cw0XSI05qZ0KtHKgBQFQnp1Xh3p1kA0HnIPSRffPv04=
github.com/jackc/pgservicefile v0.0.0-20231201235250-de7065d80cb9 h1:C5sWmeVg2Zws9EVQg1WJ0MNqB3DnqDKRY6Qn2Lk24Gs=
github.com/jackc/pgservicefile v0.0.0-20231201235250-de7065d80cb9/go.mod h1:5TJMOKEW4QnDlJMX5irhnFDXMppHdPmFuFwE8YtYV0Y=
github.com/jackc/pgx/v5 v5.5.1 h1:5I6ikQyMXq4o5fUemf3Z6M3E9VYcc48EC0ur8q3K5GY=
github.com/jackc/pgx/v5 v5.5.1/go.mod h1:IgD/sTREl0j1VS1hIGKrtv3YLg0dkN4dVS1rT9TpRzE=
github.com/jackc/puddle/v2 v2.2.1 h1:RLFpFnRhgiQI4KuSTSss4Gg4R76vOM6XD9jRkSPC3Ks=
github.com/jackc/puddle/v2 v2.2.1/go.mod h1:vuiiYkzeZ0SbFfQBmz7qMwCGZT9Kb24n2iyRj2R0RtM=
github.com/matttproud/golang_protobuf_extensions/v2 v2.0.0 h1:jh2WqypIIRYDKiJCRZ6U7K4gWq1D6JLBff4Mf3I3Jt4=
github.com/matttproud/golang_protobuf_extensions/v2 v2.0.0/go.mod h1:qWPQEd5qRxdq/BxW4gckS1RMEk1Fk3JG/dQ4j7xG0NQ=
github.com/prometheus/client_golang v1.18.0 h1:HzFurYJrFN+V3+0h3L77cJfC3F0S+GqM1cWlZ0xOZgY=
github.com/prometheus/client_golang v1.18.0/go.mod h1:T+GXekC8p0V4Y5wg4MyvF+OglmP9oB6t5lHl0Bvx8V0=
github.com/prometheus/client_model v0.5.0 h1:VQw1IB6gJX6S7qhIG8QwKSEJmBqC2U1T6H4Yz4xP5lk=
github.com/prometheus/client_model v0.5.0/go.mod h1:NTymk0ilSk7Yh0OP2ByZ2u8HJ6QUR1gEE7+j0m3yCzM=
github.com/prometheus/common v0.45.0 h1:2BGz0iBqhoAT6Ow7S0hGV5L0owd9kBwEWvJ7MB9mMdE=
github.com/prometheus/common v0.45.0/go.mod h1:YJmTHP7PKhsMqoC1B7f0Pt4tRr1bVp80IrfcUvJVbCY=
github.com/prometheus/procfs v0.12.0 h1:hiE2X/FJF6Jw8hh6rdS8aV0Qe2ZmT9y7NlHaHdKrdSs=
github.com/prometheus/procfs v0.12.0/go.mod h1:10lYg6j7g/BGoVBD7d2Rc6rhRqkJn1JmMrK2r8+JPTc=
github.com/stretchr/testify v1.8.4 h1:CcVxjf3Q8PM0mHUKJCdn+eZZtm5yQwehR5yeSVQQcUk=
github.com/stretchr/testify v1.8.4/go.mod h1:sz/lmYIOXD/1dqDmKjjqLyZ2RngseejIcXlSw2iwfAo=
golang.org/x/crypto v0.17.0 h1:r8bRNjWMQoez8ZSjcgyrwBGNkgKl5/YjO36fSJ4CtOs=
golang.org/x/crypto v0.17.0/go.mod h1:gCAAfMLgwOJRpTjQ2zCCt2OcSfYMTeZVSRtQlPC7Nq4=
golang.org/x/net v0.17.0 h1:p8N4/IP6qY7YRfJkP5zGhF2VGX6M6pmU9OqT+nG0Gp0=
golang.org/x/net v0.17.0/go.mod h1:2wCu0r4L4BJslO1MT1Rj3fGSB8bBWMJgOew9Cjl2b3I=
golang.org/x/sync v0.1.0 h1:wsuoTGHzwRbwL1FPFkswGjH7Zm3hAPM2OqS7LQ0WIQ8=
golang.org/x/sync v0.1.0/go.mod h1:Rxmgew4dk3hGwiA8F0z4FJQMR5T5JGnNPv4I5UOQnnY=
golang.org/x/sys v0.15.0 h1:h48lPFYpsTvQJZF4EKyI4aLHaev3CxivZmv7yZig9pc=
golang.org/x/sys v0.15.0/go.mod h1:/VUhepiaJMQUp4+oa/7Zr1D23ma6VTLIYjOOTFZPUcA=
golang.org/x/text v0.14.0 h1:ScX5w1eTa3QqT8oi6+ziP7dTV1S2+ALU0bI+0zXKWiQ=
golang.org/x/text v0.14.0/go.mod h1:18ZOQIKpY8NJVqYksKHtTdi31H5itFRjB5/qKTNYzSU=
google.golang.org/protobuf v1.32.0 h1:pPC6BG5ex8PDFnkbrGU3EixyhKcQ2aDuBS36lqK/C7I=
google.golang.org/protobuf v1.32.0/go.mod h1:c6P6GXX6sHbq/GpV6MGZEdJWP534x1Q8UyQ9cUIflWY=
